lockfileVersion: '9.0'

settings:
  autoInstallPeers: true
  excludeLinksFromLockfile: false

importers:

  .: {}

  packages/claw:
    dependencies:
      '@doppelfun/sdk':
        specifier: workspace:*
        version: link:../core
      '@privy-io/node':
        specifier: ^0.10.0
        version: 0.10.0(viem@2.46.3(typescript@5.7.3))
      dotenv:
        specifier: ^16.4.5
        version: 16.6.1
      viem:
        specifier: ^2.46.3
        version: 2.46.3(typescript@5.7.3)
      ws:
        specifier: ^8.18.0
        version: 8.19.0
    devDependencies:
      '@types/node':
        specifier: ^22.10.0
        version: 22.19.11
      '@types/ws':
        specifier: ^8.5.13
        version: 8.18.1
      typescript:
        specifier: ~5.7.2
        version: 5.7.3

  packages/core:
    devDependencies:
      typescript:
        specifier: ~5.7.2
        version: 5.7.3

packages:

  '@adraffy/ens-normalize@1.11.1':
    resolution: {integrity: sha512-nhCBV3quEgesuf7c7KYfperqSS14T8bYuvJ8PcLJp6znkZpFc0AuW4qBtr8eKVyPPe/8RSr7sglCWPU5eaxwKQ==}

  '@hpke/chacha20poly1305@1.7.1':
    resolution: {integrity: sha512-Zp8IwRIkdCucu877wCNqDp3B8yOhAnAah/YDDkO94pPr/KKV7IGnBbpwIjDB3BsAySWBMrhhdE0JKYw3N4FCag==}
    engines: {node: '>=16.0.0'}

  '@hpke/common@1.8.1':
    resolution: {integrity: sha512-PSI4QSxH8XDli0TqAsWycVfrLLCM/bBe+hVlJwtuJJiKIvCaFS3CXX/WtRfJceLJye9NHc2J7GvHVCY9B1BEbA==}
    engines: {node: '>=16.0.0'}

  '@hpke/core@1.7.5':
    resolution: {integrity: sha512-4xfckZuPaIodeu0HpuTRIdtmajhRHXM/6rjS2N62Ns9aOCkGbbeYRwktqR3bUScuhCwyEBsEQqtIh9f0iLP3WQ==}
    engines: {node: '>=16.0.0'}

  '@noble/ciphers@1.3.0':
    resolution: {integrity: sha512-2I0gnIVPtfnMw9ee9h1dJG7tp81+8Ob3OJb3Mv37rx5L40/b0i7djjCVvGOVqc9AEIQyvyu1i6ypKdFw8R8gQw==}
    engines: {node: ^14.21.3 || >=16}

  '@noble/curves@1.9.1':
    resolution: {integrity: sha512-k11yZxZg+t+gWvBbIswW0yoJlu8cHOC7dhunwOzoWH/mXGBiYyR4YY6hAEK/3EUs4UpB8la1RfdRpeGsFHkWsA==}
    engines: {node: ^14.21.3 || >=16}

  '@noble/curves@1.9.7':
    resolution: {integrity: sha512-gbKGcRUYIjA3/zCCNaWDciTMFI0dCkvou3TL8Zmy5Nc7sJ47a0jtOeZoTaMxkuqRo9cRhjOdZJXegxYE5FN/xw==}
    engines: {node: ^14.21.3 || >=16}

  '@noble/hashes@1.8.0':
    resolution: {integrity: sha512-jCs9ldd7NwzpgXDIf6P3+NrHh9/sD6CQdxHyjQI+h/6rDNo88ypBxxz45UDuZHz9r3tNz7N/VInSVoVdtXEI4A==}
    engines: {node: ^14.21.3 || >=16}

  '@privy-io/node@0.10.0':
    resolution: {integrity: sha512-9u4JZ9OuPPhBRiQBeABy0wGT3hatjBwClzP02fs8fBu0tFziwbGXEB7prmmdmMBGOIl/7S9rjobFhMrEaZY7NA==}
    peerDependencies:
      '@solana/kit': ^5.1.0
      '@x402/evm': ^2.3.0
      '@x402/fetch': ^2.3.0
      '@x402/svm': ^2.3.0
      viem: ^2.24.1
    peerDependenciesMeta:
      '@solana/kit':
        optional: true
      '@x402/evm':
        optional: true
      '@x402/fetch':
        optional: true
      '@x402/svm':
        optional: true
      viem:
        optional: true

  '@scure/base@1.2.6':
    resolution: {integrity: sha512-g/nm5FgUa//MCj1gV09zTJTaM6KBAHqLN907YVQqf7zC49+DcO4B1so4ZX07Ef10Twr6nuqYEH9GEggFXA4Fmg==}

  '@scure/bip32@1.7.0':
    resolution: {integrity: sha512-E4FFX/N3f4B80AKWp5dP6ow+flD1LQZo/w8UnLGYZO674jS6YnYeepycOOksv+vLPSpgN35wgKgy+ybfTb2SMw==}

  '@scure/bip39@1.6.0':
    resolution: {integrity: sha512-+lF0BbLiJNwVlev4eKelw1WWLaiKXw7sSl8T6FvBlWkdX+94aGJ4o8XjUdlyhTCjd8c+B3KT3JfS8P0bLRNU6A==}

  '@stablelib/base64@1.0.1':
    resolution: {integrity: sha512-1bnPQqSxSuc3Ii6MhBysoWCg58j97aUjuCSZrGSmDxNqtytIi0k8utUenAwTZN4V5mXXYGsVUI9zeBqy+jBOSQ==}

  '@types/node@22.19.11':
    resolution: {integrity: sha512-BH7YwL6rA93ReqeQS1c4bsPpcfOmJasG+Fkr6Y59q83f9M1WcBRHR2vM+P9eOisYRcN3ujQoiZY8uk5W+1WL8w==}

  '@types/ws@8.18.1':
    resolution: {integrity: sha512-ThVF6DCVhA8kUGy+aazFQ4kXQ7E1Ty7A3ypFOe0IcJV8O/M511G99AW24irKrW56Wt44yG9+ij8FaqoBGkuBXg==}

  abitype@1.2.3:
    resolution: {integrity: sha512-Ofer5QUnuUdTFsBRwARMoWKOH1ND5ehwYhJ3OJ/BQO+StkwQjHw0XyVh4vDttzHB7QOFhPHa/o413PJ82gU/Tg==}
    peerDependencies:
      typescript: '>=5.0.4'
      zod: ^3.22.0 || ^4.0.0
    peerDependenciesMeta:
      typescript:
        optional: true
      zod:
        optional: true

  canonicalize@2.1.0:
    resolution: {integrity: sha512-F705O3xrsUtgt98j7leetNhTWPe+5S72rlL5O4jA1pKqBVQ/dT1O1D6PFxmSXvc0SUOinWS57DKx0I3CHrXJHQ==}
    hasBin: true

  dotenv@16.6.1:
    resolution: {integrity: sha512-uBq4egWHTcTt33a72vpSG0z3HnPuIl6NqYcTrKEg2azoEyl2hpW0zqlxysq2pK9HlDIHyHyakeYaYnSAwd8bow==}
    engines: {node: '>=12'}

  eventemitter3@5.0.1:
    resolution: {integrity: sha512-GWkBvjiSZK87ELrYOSESUYeVIc9mvLLf/nXalMOS5dYrgZq9o5OVkbZAVM06CVxYsCwH9BDZFPlQTlPA1j4ahA==}

  fast-sha256@1.3.0:
    resolution: {integrity: sha512-n11RGP/lrWEFI/bWdygLxhI+pVeo1ZYIVwvvPkW7azl/rOy+F3HYRZ2K5zeE9mmkhQppyv9sQFx0JM9UabnpPQ==}

  isows@1.0.7:
    resolution: {integrity: sha512-I1fSfDCZL5P0v33sVqeTDSpcstAg/N+wF5HS033mogOVIp4B+oHC7oOCsA3axAbBSGTJ8QubbNmnIRN/h8U7hg==}
    peerDependencies:
      ws: '*'

  jose@6.1.3:
    resolution: {integrity: sha512-0TpaTfihd4QMNwrz/ob2Bp7X04yuxJkjRGi4aKmOqwhov54i6u79oCv7T+C7lo70MKH6BesI3vscD1yb/yzKXQ==}

  lru-cache@11.2.6:
    resolution: {integrity: sha512-ESL2CrkS/2wTPfuend7Zhkzo2u0daGJ/A2VucJOgQ/C48S/zB8MMeMHSGKYpXhIjbPxfuezITkaBH1wqv00DDQ==}
    engines: {node: 20 || >=22}

  ox@0.12.4:
    resolution: {integrity: sha512-+P+C7QzuwPV8lu79dOwjBKfB2CbnbEXe/hfyyrff1drrO1nOOj3Hc87svHfcW1yneRr3WXaKr6nz11nq+/DF9Q==}
    peerDependencies:
      typescript: '>=5.4.0'
    peerDependenciesMeta:
      typescript:
        optional: true

  standardwebhooks@1.0.0:
    resolution: {integrity: sha512-BbHGOQK9olHPMvQNHWul6MYlrRTAOKn03rOe4A8O3CLWhNf4YHBqq2HJKKC+sfqpxiBY52pNeesD6jIiLDz8jg==}

  svix@1.86.0:
    resolution: {integrity: sha512-/HTvXwjLJe1l/MsLXAO1ddCYxElJk4eNR4DzOjDOEmGrPN/3BtBE8perGwMAaJ2sT5T172VkBYzmHcjUfM1JRQ==}

  typescript@5.7.3:
    resolution: {integrity: sha512-84MVSjMEHP+FQRPy3pX9sTVV/INIex71s9TL2Gm5FG/WG1SqXeKyZ0k7/blY/4FdOzI12CBy1vGc4og/eus0fw==}
    engines: {node: '>=14.17'}
    hasBin: true

  undici-types@6.21.0:
    resolution: {integrity: sha512-iwDZqg0QAGrg9Rav5H4n0M64c3mkR59cJ6wQp+7C4nI0gsmExaedaYLNO44eT4AtBBwjbTiGPMlt2Md0T9H9JQ==}

  uuid@10.0.0:
    resolution: {integrity: sha512-8XkAphELsDnEGrDxUOHB3RGvXz6TeuYSGEZBOjtTtPm2lwhGBjLgOzLHB63IUWfBpNucQjND6d3AOudO+H3RWQ==}
    hasBin: true

  viem@2.46.3:
    resolution: {integrity: sha512-2LJS+Hyh2sYjHXQtzfv1kU9pZx9dxFzvoU/ZKIcn0FNtOU0HQuIICuYdWtUDFHaGXbAdVo8J1eCvmjkL9JVGwg==}
    peerDependencies:
      typescript: '>=5.0.4'
    peerDependenciesMeta:
      typescript:
        optional: true

  ws@8.18.3:
    resolution: {integrity: sha512-PEIGCY5tSlUt50cqyMXfCzX+oOPqN0vuGqWzbcJ2xvnkzkq46oOpz7dQaTDBdfICb4N14+GARUDw2XV2N4tvzg==}
    engines: {node: '>=10.0.0'}
    peerDependencies:
      bufferutil: ^4.0.1
      utf-8-validate: '>=5.0.2'
    peerDependenciesMeta:
      bufferutil:
        optional: true
      utf-8-validate:
        optional: true

  ws@8.19.0:
    resolution: {integrity: sha512-blAT2mjOEIi0ZzruJfIhb3nps74PRWTCz1IjglWEEpQl5XS/UNama6u2/rjFkDDouqr4L67ry+1aGIALViWjDg==}
    engines: {node: '>=10.0.0'}
    peerDependencies:
      bufferutil: ^4.0.1
      utf-8-validate: '>=5.0.2'
    peerDependenciesMeta:
      bufferutil:
        optional: true
      utf-8-validate:
        optional: true

snapshots:

  '@adraffy/ens-normalize@1.11.1': {}

  '@hpke/chacha20poly1305@1.7.1':
    dependencies:
      '@hpke/common': 1.8.1

  '@hpke/common@1.8.1': {}

  '@hpke/core@1.7.5':
    dependencies:
      '@hpke/common': 1.8.1

  '@noble/ciphers@1.3.0': {}

  '@noble/curves@1.9.1':
    dependencies:
      '@noble/hashes': 1.8.0

  '@noble/curves@1.9.7':
    dependencies:
      '@noble/hashes': 1.8.0

  '@noble/hashes@1.8.0': {}

  '@privy-io/node@0.10.0(viem@2.46.3(typescript@5.7.3))':
    dependencies:
      '@hpke/chacha20poly1305': 1.7.1
      '@hpke/core': 1.7.5
      '@noble/curves': 1.9.7
      '@noble/hashes': 1.8.0
      '@scure/base': 1.2.6
      canonicalize: 2.1.0
      jose: 6.1.3
      lru-cache: 11.2.6
      svix: 1.86.0
    optionalDependencies:
      viem: 2.46.3(typescript@5.7.3)

  '@scure/base@1.2.6': {}

  '@scure/bip32@1.7.0':
    dependencies:
      '@noble/curves': 1.9.1
      '@noble/hashes': 1.8.0
      '@scure/base': 1.2.6

  '@scure/bip39@1.6.0':
    dependencies:
      '@noble/hashes': 1.8.0
      '@scure/base': 1.2.6

  '@stablelib/base64@1.0.1': {}

  '@types/node@22.19.11':
    dependencies:
      undici-types: 6.21.0

  '@types/ws@8.18.1':
    dependencies:
      '@types/node': 22.19.11

  abitype@1.2.3(typescript@5.7.3):
    optionalDependencies:
      typescript: 5.7.3

  canonicalize@2.1.0: {}

  dotenv@16.6.1: {}

  eventemitter3@5.0.1: {}

  fast-sha256@1.3.0: {}

  isows@1.0.7(ws@8.18.3):
    dependencies:
      ws: 8.18.3

  jose@6.1.3: {}

  lru-cache@11.2.6: {}

  ox@0.12.4(typescript@5.7.3):
    dependencies:
      '@adraffy/ens-normalize': 1.11.1
      '@noble/ciphers': 1.3.0
      '@noble/curves': 1.9.1
      '@noble/hashes': 1.8.0
      '@scure/bip32': 1.7.0
      '@scure/bip39': 1.6.0
      abitype: 1.2.3(typescript@5.7.3)
      eventemitter3: 5.0.1
    optionalDependencies:
      typescript: 5.7.3
    transitivePeerDependencies:
      - zod

  standardwebhooks@1.0.0:
    dependencies:
      '@stablelib/base64': 1.0.1
      fast-sha256: 1.3.0

  svix@1.86.0:
    dependencies:
      standardwebhooks: 1.0.0
      uuid: 10.0.0

  typescript@5.7.3: {}

  undici-types@6.21.0: {}

  uuid@10.0.0: {}

  viem@2.46.3(typescript@5.7.3):
    dependencies:
      '@noble/curves': 1.9.1
      '@noble/hashes': 1.8.0
      '@scure/bip32': 1.7.0
      '@scure/bip39': 1.6.0
      abitype: 1.2.3(typescript@5.7.3)
      isows: 1.0.7(ws@8.18.3)
      ox: 0.12.4(typescript@5.7.3)
      ws: 8.18.3
    optionalDependencies:
      typescript: 5.7.3
    transitivePeerDependencies:
      - bufferutil
      - utf-8-validate
      - zod

  ws@8.18.3: {}

  ws@8.19.0: {}
